{
  "originHash" : "d68ef274b03c7f4a612cfbfdb25ec3fd1f98eda25a0c9f2de9125a0de1bd12e4",
  "pins" : [
    {
      "identity" : "phonenumberkit",
      "kind" : "remoteSourceControl",
      "location" : "https://github.com/PhoneNumberKit/PhoneNumberKit",
      "state" : {
        "revision" : "15c27dbf811e96b9fe48525389ffe042adb9f8cb",
        "version" : "5.0.9"
      }
    },
    {
      "identity" : "webrtc",
      "kind" : "remoteSourceControl",
      "location" : "https://github.com/stasel/WebRTC.git",
      "state" : {
        "revision" : "1d04692697cb642bfebf6ad2dd99fe52649c3d6d",
        "version" : "152.0.0"
      }
    }
  ],
  "version" : 3
}
